// !$*UTF8*$!
{
	archiveVersion = 1;
	classes = {
	};
	objectVersion = 46;
	objects = {

/* Begin PBXBuildFile section */
		4D1972A21C89F64500CDA2FC /* csv.swift in Sources */ = {isa = PBXBuildFile; fileRef = 4D1972A11C89F64500CDA2FC /* csv.swift */; };
		4DB0258B1C8983A700B27A99 /* PokeCell.swift in Sources */ = {isa = PBXBuildFile; fileRef = 4DB0258A1C8983A700B27A99 /* PokeCell.swift */; };
		4DCE9A801C89658200E4999C /* AppDelegate.swift in Sources */ = {isa = PBXBuildFile; fileRef = 4DCE9A7F1C89658200E4999C /* AppDelegate.swift */; };
		4DCE9A821C89658200E4999C /* ViewController.swift in Sources */ = {isa = PBXBuildFile; fileRef = 4DCE9A811C89658200E4999C /* ViewController.swift */; };
		4DCE9A851C89658200E4999C /* Main.storyboard in Resources */ = {isa = PBXBuildFile; fileRef = 4DCE9A831C89658200E4999C /* Main.storyboard */; };
		4DCE9A871C89658200E4999C /* Assets.xcassets in Resources */ = {isa = PBXBuildFile; fileRef = 4DCE9A861C89658200E4999C /* Assets.xcassets */; };
		4DCE9A8A1C89658200E4999C /* LaunchScreen.storyboard in Resources */ = {isa = PBXBuildFile; fileRef = 4DCE9A881C89658200E4999C /* LaunchScreen.storyboard */; };
		4DCE9A921C896C7700E4999C /* pokemon.csv in Resources */ = {isa = PBXBuildFile; fileRef = 4DCE9A911C896C7700E4999C /* pokemon.csv */; };
		4DCE9A951C89700000E4999C /* Pokemon.swift in Sources */ = {isa = PBXBuildFile; fileRef = 4DCE9A941C89700000E4999C /* Pokemon.swift */; };
/* End PBXBuildFile section */

/* Begin PBXFileReference section */
		4D1972A11C89F64500CDA2FC /* csv.swift */ = {isa = PBXFileReference; fileEncoding = 4; lastKnownFileType = sourcecode.swift; path = csv.swift; sourceTree = "<group>"; };
		4DB0258A1C8983A700B27A99 /* PokeCell.swift */ = {isa = PBXFileReference; fileEncoding = 4; lastKnownFileType = sourcecode.swift; path = PokeCell.swift; sourceTree = "<group>"; };
		4DCE9A7C1C89658200E4999C /* pokedex.app */ = {isa = PBXFileReference; explicitFileType = wrapper.application; includeInIndex = 0; path = pokedex.app; sourceTree = BUILT_PRODUCTS_DIR; };
		4DCE9A7F1C89658200E4999C /* AppDelegate.swift */ = {isa = PBXFileReference; lastKnownFileType = sourcecode.swift; path = AppDelegate.swift; sourceTree = "<group>"; };
		4DCE9A811C89658200E4999C /* ViewController.swift */ = {isa = PBXFileReference; lastKnownFileType = sourcecode.swift; path = ViewController.swift; sourceTree = "<group>"; };
		4DCE9A841C89658200E4999C /* Base */ = {isa = PBXFileReference; lastKnownFileType = file.storyboard; name = Base; path = Base.lproj/Main.storyboard; sourceTree = "<group>"; };
		4DCE9A861C89658200E4999C /* Assets.xcassets */ = {isa = PBXFileReference; lastKnownFileType = folder.assetcatalog; path = Assets.xcassets; sourceTree = "<group>"; };
		4DCE9A891C89658200E4999C /* Base */ = {isa = PBXFileReference; lastKnownFileType = file.storyboard; name = Base; path = Base.lproj/LaunchScreen.storyboard; sourceTree = "<group>"; };
		4DCE9A8B1C89658200E4999C /* Info.plist */ = {isa = PBXFileReference; lastKnownFileType = text.plist.xml; path = Info.plist; sourceTree = "<group>"; };
		4DCE9A911C896C7700E4999C /* pokemon.csv */ = {isa = PBXFileReference; fileEncoding = 4; lastKnownFileType = text; path = pokemon.csv; sourceTree = "<group>"; };
		4DCE9A941C89700000E4999C /* Pokemon.swift */ = {isa = PBXFileReference; fileEncoding = 4; lastKnownFileType = sourcecode.swift; path = Pokemon.swift; sourceTree = "<group>"; };
/* End PBXFileReference section */

/* Begin PBXFrameworksBuildPhase section */
		4DCE9A791C89658200E4999C /* Frameworks */ = {
			isa = PBXFrameworksBuildPhase;
			buildActionMask = 2147483647;
			files = (
			);
			runOnlyForDeploymentPostprocessing = 0;
		};
/* End PBXFrameworksBuildPhase section */

/* Begin PBXGroup section */
		4D1972A31C89F66700CDA2FC /* Util */ = {
			isa = PBXGroup;
			children = (
				4D1972A11C89F64500CDA2FC /* csv.swift */,
			);
			name = Util;
			sourceTree = "<group>";
		};
		4D1972A41C89F6D900CDA2FC /* Controller */ = {
			isa = PBXGroup;
			children = (
				4DCE9A811C89658200E4999C /* ViewController.swift */,
			);
			name = Controller;
			sourceTree = "<group>";
		};
		4D1972A51C89F73600CDA2FC /* Resources */ = {
			isa = PBXGroup;
			children = (
				4DCE9A911C896C7700E4999C /* pokemon.csv */,
			);
			name = Resources;
			sourceTree = "<group>";
		};
		4DB025871C89834300B27A99 /* View */ = {
			isa = PBXGroup;
			children = (
				4DB0258A1C8983A700B27A99 /* PokeCell.swift */,
			);
			name = View;
			sourceTree = "<group>";
		};
		4DCE9A731C89658200E4999C = {
			isa = PBXGroup;
			children = (
				4DCE9A7E1C89658200E4999C /* pokedex */,
				4DCE9A7D1C89658200E4999C /* Products */,
			);
			sourceTree = "<group>";
		};
		4DCE9A7D1C89658200E4999C /* Products */ = {
			isa = PBXGroup;
			children = (
				4DCE9A7C1C89658200E4999C /* pokedex.app */,
			);
			name = Products;
			sourceTree = "<group>";
		};
		4DCE9A7E1C89658200E4999C /* pokedex */ = {
			isa = PBXGroup;
			children = (
				4D1972A31C89F66700CDA2FC /* Util */,
				4D1972A51C89F73600CDA2FC /* Resources */,
				4D1972A41C89F6D900CDA2FC /* Controller */,
				4DCE9A931C896EDA00E4999C /* Model */,
				4DB025871C89834300B27A99 /* View */,
				4DCE9A7F1C89658200E4999C /* AppDelegate.swift */,
				4DCE9A831C89658200E4999C /* Main.storyboard */,
				4DCE9A861C89658200E4999C /* Assets.xcassets */,
				4DCE9A881C89658200E4999C /* LaunchScreen.storyboard */,
				4DCE9A8B1C89658200E4999C /* Info.plist */,
			);
			path = pokedex;
			sourceTree = "<group>";
		};
		4DCE9A931C896EDA00E4999C /* Model */ = {
			isa = PBXGroup;
			children = (
				4DCE9A941C89700000E4999C /* Pokemon.swift */,
			);
			name = Model;
			sourceTree = "<group>";
		};
/* End PBXGroup section */

/* Begin PBXNativeTarget section */
		4DCE9A7B1C89658200E4999C /* pokedex */ = {
			isa = PBXNativeTarget;
			buildConfigurationList = 4DCE9A8E1C89658200E4999C /* Build configuration list for PBXNativeTarget "pokedex" */;
			buildPhases = (
				4DCE9A781C89658200E4999C /* Sources */,
				4DCE9A791C89658200E4999C /* Frameworks */,
				4DCE9A7A1C89658200E4999C /* Resources */,
			);
			buildRules = (
			);
			dependencies = (
			);
			name = pokedex;
			productName = pokedex;
			productReference = 4DCE9A7C1C89658200E4999C /* pokedex.app */;
			productType = "com.apple.product-type.application";
		};
/* End PBXNativeTarget section */

/* Begin PBXProject section */
		4DCE9A741C89658200E4999C /* Project object */ = {
			isa = PBXProject;
			attributes = {
				LastSwiftUpdateCheck = 0720;
				LastUpgradeCheck = 0720;
				ORGANIZATIONNAME = "蔡鈞";
				TargetAttributes = {
					4DCE9A7B1C89658200E4999C = {
						CreatedOnToolsVersion = 7.2;
						DevelopmentTeam = 57JJX53Y6C;
					};
				};
			};
			buildConfigurationList = 4DCE9A771C89658200E4999C /* Build configuration list for PBXProject "pokedex" */;
			compatibilityVersion = "Xcode 3.2";
			developmentRegion = English;
			hasScannedForEncodings = 0;
			knownRegions = (
				en,
				Base,
			);
			mainGroup = 4DCE9A731C89658200E4999C;
			productRefGroup = 4DCE9A7D1C89658200E4999C /* Products */;
			projectDirPath = "";
			projectRoot = "";
			targets = (
				4DCE9A7B1C89658200E4999C /* pokedex */,
			);
		};
/* End PBXProject section */

/* Begin PBXResourcesBuildPhase section */
		4DCE9A7A1C89658200E4999C /* Resources */ = {
			isa = PBXResourcesBuildPhase;
			buildActionMask = 2147483647;
			files = (
				4DCE9A8A1C89658200E4999C /* LaunchScreen.storyboard in Resources */,
				4DCE9A871C89658200E4999C /* Assets.xcassets in Resources */,
				4DCE9A921C896C7700E4999C /* pokemon.csv in Resources */,
				4DCE9A851C89658200E4999C /* Main.storyboard in Resources */,
			);
			runOnlyForDeploymentPostprocessing = 0;
		};
/* End PBXResourcesBuildPhase section */

/* Begin PBXSourcesBuildPhase section */
		4DCE9A781C89658200E4999C /* Sources */ = {
			isa = PBXSourcesBuildPhase;
			buildActionMask = 2147483647;
			files = (
				4DB0258B1C8983A700B27A99 /* PokeCell.swift in Sources */,
				4DCE9A821C89658200E4999C /* ViewController.swift in Sources */,
				4DCE9A801C89658200E4999C /* AppDelegate.swift in Sources */,
				4DCE9A951C89700000E4999C /* Pokemon.swift in Sources */,
				4D1972A21C89F64500CDA2FC /* csv.swift in Sources */,
			);
			runOnlyForDeploymentPostprocessing = 0;
		};
/* End PBXSourcesBuildPhase section */

/* Begin PBXVariantGroup section */
		4DCE9A831C89658200E4999C /* Main.storyboard */ = {
			isa = PBXVariantGroup;
			children = (
				4DCE9A841C89658200E4999C /* Base */,
			);
			name = Main.storyboard;
			sourceTree = "<group>";
		};
		4DCE9A881C89658200E4999C /* LaunchScreen.storyboard */ = {
			isa = PBXVariantGroup;
			children = (
				4DCE9A891C89658200E4999C /* Base */,
			);
			name = LaunchScreen.storyboard;
			sourceTree = "<group>";
		};
/* End PBXVariantGroup section */

/* Begin XCBuildConfiguration section */
		4DCE9A8C1C89658200E4999C /* Debug */ = {
			isa = XCBuildConfiguration;
			buildSettings = {
				ALWAYS_SEARCH_USER_PATHS = NO;
				CLANG_CXX_LANGUAGE_STANDARD = "gnu++0x";
				CLANG_CXX_LIBRARY = "libc++";
				CLANG_ENABLE_MODULES = YES;
				CLANG_ENABLE_OBJC_ARC = YES;
				CLANG_WARN_BOOL_CONVERSION = YES;
				CLANG_WARN_CONSTANT_CONVERSION = YES;
				CLANG_WARN_DIRECT_OBJC_ISA_USAGE = YES_ERROR;
				CLANG_WARN_EMPTY_BODY = YES;
				CLANG_WARN_ENUM_CONVERSION = YES;
				CLANG_WARN_INT_CONVERSION = YES;
				CLANG_WARN_OBJC_ROOT_CLASS = YES_ERROR;
				CLANG_WARN_UNREACHABLE_CODE = YES;
				CLANG_WARN__DUPLICATE_METHOD_MATCH = YES;
				"CODE_SIGN_IDENTITY[sdk=iphoneos*]" = "iPhone Developer";
				COPY_PHASE_STRIP = NO;
				DEBUG_INFORMATION_FORMAT = dwarf;
				ENABLE_STRICT_OBJC_MSGSEND = YES;
				ENABLE_TESTABILITY = YES;
				GCC_C_LANGUAGE_STANDARD = gnu99;
				GCC_DYNAMIC_NO_PIC = NO;
				GCC_NO_COMMON_BLOCKS = YES;
				GCC_OPTIMIZATION_LEVEL = 0;
				GCC_PREPROCESSOR_DEFINITIONS = (
					"DEBUG=1",
					"$(inherited)",
				);
				GCC_WARN_64_TO_32_BIT_CONVERSION = YES;
				GCC_WARN_ABOUT_RETURN_TYPE = YES_ERROR;
				GCC_WARN_UNDECLARED_SELECTOR = YES;
				GCC_WARN_UNINITIALIZED_AUTOS = YES_AGGRESSIVE;
				GCC_WARN_UNUSED_FUNCTION = YES;
				GCC_WARN_UNUSED_VARIABLE = YES;
				IPHONEOS_DEPLOYMENT_TARGET = 9.2;
				MTL_ENABLE_DEBUG_INFO = YES;
				ONLY_ACTIVE_ARCH = YES;
				SDKROOT = iphoneos;
				SWIFT_OPTIMIZATION_LEVEL = "-Onone";
				TARGETED_DEVICE_FAMILY = "1,2";
			};
			name = Debug;
		};
		4DCE9A8D1C89658200E4999C /* Release */ = {
			isa = XCBuildConfiguration;
			buildSettings = {
				ALWAYS_SEARCH_USER_PATHS = NO;
				CLANG_CXX_LANGUAGE_STANDARD = "gnu++0x";
				CLANG_CXX_LIBRARY = "libc++";
				CLANG_ENABLE_MODULES = YES;
				CLANG_ENABLE_OBJC_ARC = YES;
				CLANG_WARN_BOOL_CONVERSION = YES;
				CLANG_WARN_CONSTANT_CONVERSION = YES;
				CLANG_WARN_DIRECT_OBJC_ISA_USAGE = YES_ERROR;
				CLANG_WARN_EMPTY_BODY = YES;
				CLANG_WARN_ENUM_CONVERSION = YES;
				CLANG_WARN_INT_CONVERSION = YES;
				CLANG_WARN_OBJC_ROOT_CLASS = YES_ERROR;
				CLANG_WARN_UNREACHABLE_CODE = YES;
				CLANG_WARN__DUPLICATE_METHOD_MATCH = YES;
				"CODE_SIGN_IDENTITY[sdk=iphoneos*]" = "iPhone Developer";
				COPY_PHASE_STRIP = NO;
				DEBUG_INFORMATION_FORMAT = "dwarf-with-dsym";
				ENABLE_NS_ASSERTIONS = NO;
				ENABLE_STRICT_OBJC_MSGSEND = YES;
				GCC_C_LANGUAGE_STANDARD = gnu99;
				GCC_NO_COMMON_BLOCKS = YES;
				GCC_WARN_64_TO_32_BIT_CONVERSION = YES;
				GCC_WARN_ABOUT_RETURN_TYPE = YES_ERROR;
				GCC_WARN_UNDECLARED_SELECTOR = YES;
				GCC_WARN_UNINITIALIZED_AUTOS = YES_AGGRESSIVE;
				GCC_WARN_UNUSED_FUNCTION = YES;
				GCC_WARN_UNUSED_VARIABLE = YES;
				IPHONEOS_DEPLOYMENT_TARGET = 9.2;
				MTL_ENABLE_DEBUG_INFO = NO;
				SDKROOT = iphoneos;
				TARGETED_DEVICE_FAMILY = "1,2";
				VALIDATE_PRODUCT = YES;
			};
			name = Release;
		};
		4DCE9A8F1C89658200E4999C /* Debug */ = {
			isa = XCBuildConfiguration;
			buildSettings = {
				ASSETCATALOG_COMPILER_APPICON_NAME = AppIcon;
				INFOPLIST_FILE = pokedex/Info.plist;
				LD_RUNPATH_SEARCH_PATHS = "$(inherited) @executable_path/Frameworks";
				PRODUCT_BUNDLE_IDENTIFIER = com.superlevin.mike840609.pokedex;
				PRODUCT_NAME = "$(TARGET_NAME)";
			};
			name = Debug;
		};
		4DCE9A901C89658200E4999C /* Release */ = {
			isa = XCBuildConfiguration;
			buildSettings = {
				ASSETCATALOG_COMPILER_APPICON_NAME = AppIcon;
				INFOPLIST_FILE = pokedex/Info.plist;
				LD_RUNPATH_SEARCH_PATHS = "$(inherited) @executable_path/Frameworks";
				PRODUCT_BUNDLE_IDENTIFIER = com.superlevin.mike840609.pokedex;
				PRODUCT_NAME = "$(TARGET_NAME)";
			};
			name = Release;
		};
/* End XCBuildConfiguration section */

/* Begin XCConfigurationList section */
		4DCE9A771C89658200E4999C /* Build configuration list for PBXProject "pokedex" */ = {
			isa = XCConfigurationList;
			buildConfigurations = (
				4DCE9A8C1C89658200E4999C /* Debug */,
				4DCE9A8D1C89658200E4999C /* Release */,
			);
			defaultConfigurationIsVisible = 0;
			defaultConfigurationName = Release;
		};
		4DCE9A8E1C89658200E4999C /* Build configuration list for PBXNativeTarget "pokedex" */ = {
			isa = XCConfigurationList;
			buildConfigurations = (
				4DCE9A8F1C89658200E4999C /* Debug */,
				4DCE9A901C89658200E4999C /* Release */,
			);
			defaultConfigurationIsVisible = 0;
			defaultConfigurationName = Release;
		};
/* End XCConfigurationList section */
	};
	rootObject = 4DCE9A741C89658200E4999C /* Project object */;
}
